
Microsoft Visual Studio Solution File, Format Version 12.00
# Visual Studio Version 17
VisualStudioVersion = 17.11.35312.102
MinimumVisualStudioVersion = 10.0.40219.1
Project("{FAE04EC0-301F-11D3-BF4B-00C04F79EFBC}") = "SendingMailsWithSMTP", "SendingMailsWithSMTP\SendingMailsWithSMTP.csproj", "{687B820D-0110-457F-A8CF-010F6E4EDFF1}"
EndProject
Global
	GlobalSection(SolutionConfigurationPlatforms) = preSolution
		Debug|Any CPU = Debug|Any CPU
		Release|Any CPU = Release|Any CPU
	EndGlobalSection
	GlobalSection(ProjectConfigurationPlatforms) = postSolution
		{687B820D-0110-457F-A8CF-010F6E4EDFF1}.Debug|Any CPU.ActiveCfg = Debug|Any CPU
		{687B820D-0110-457F-A8CF-010F6E4EDFF1}.Debug|Any CPU.Build.0 = Debug|Any CPU
		{687B820D-0110-457F-A8CF-010F6E4EDFF1}.Release|Any CPU.ActiveCfg = Release|Any CPU
		{687B820D-0110-457F-A8CF-010F6E4EDFF1}.Release|Any CPU.Build.0 = Release|Any CPU
	EndGlobalSection
	GlobalSection(SolutionProperties) = preSolution
		HideSolutionNode = FALSE
	EndGlobalSection
	GlobalSection(ExtensibilityGlobals) = postSolution
		SolutionGuid = {5DCE7717-7BE8-4569-A749-C66AD6B1A453}
	EndGlobalSection
EndGlobal
